// !$*UTF8*$!
{
	archiveVersion = 1;
	classes = {
	};
	objectVersion = 46;
	objects = {

/* Begin PBXBuildFile section */
		C40F893D19E3EFA9004134C1 /* main.m in Sources */ = {isa = PBXBuildFile; fileRef = C40F893C19E3EFA9004134C1 /* main.m */; };
		C40F894019E3EFA9004134C1 /* AppDelegate.m in Sources */ = {isa = PBXBuildFile; fileRef = C40F893F19E3EFA9004134C1 /* AppDelegate.m */; };
		C40F894319E3EFA9004134C1 /* ViewController.m in Sources */ = {isa = PBXBuildFile; fileRef = C40F894219E3EFA9004134C1 /* ViewController.m */; };
		C40F894619E3EFA9004134C1 /* Main.storyboard in Resources */ = {isa = PBXBuildFile; fileRef = C40F894419E3EFA9004134C1 /* Main.storyboard */; };
		C40F894819E3EFA9004134C1 /* Images.xcassets in Resources */ = {isa = PBXBuildFile; fileRef = C40F894719E3EFA9004134C1 /* Images.xcassets */; };
		C40F894B19E3EFA9004134C1 /* LaunchScreen.xib in Resources */ = {isa = PBXBuildFile; fileRef = C40F894919E3EFA9004134C1 /* LaunchScreen.xib */; };
		C40F895719E3EFA9004134C1 /* myFirstAppTests.m in Sources */ = {isa = PBXBuildFile; fileRef = C40F895619E3EFA9004134C1 /* myFirstAppTests.m */; };
/* End PBXBuildFile section */

/* Begin PBXContainerItemProxy section */
		C40F895119E3EFA9004134C1 /* PBXContainerItemProxy */ = {
			isa = PBXContainerItemProxy;
			containerPortal = C40F892F19E3EFA9004134C1 /* Project object */;
			proxyType = 1;
			remoteGlobalIDString = C40F893619E3EFA9004134C1;
			remoteInfo = myFirstApp;
		};
/* End PBXContainerItemProxy section */

/* Begin PBXFileReference section */
		C40F893719E3EFA9004134C1 /* myFirstApp.app */ = {isa = PBXFileReference; explicitFileType = wrapper.application; includeInIndex = 0; path = myFirstApp.app; sourceTree = BUILT_PRODUCTS_DIR; };
		C40F893B19E3EFA9004134C1 /* Info.plist */ = {isa = PBXFileReference; lastKnownFileType = text.plist.xml; path = Info.plist; sourceTree = "<group>"; };
		C40F893C19E3EFA9004134C1 /* main.m */ = {isa = PBXFileReference; lastKnownFileType = sourcecode.c.objc; path = main.m; sourceTree = "<group>"; };
		C40F893E19E3EFA9004134C1 /* AppDelegate.h */ = {isa = PBXFileReference; lastKnownFileType = sourcecode.c.h; path = AppDelegate.h; sourceTree = "<group>"; };
		C40F893F19E3EFA9004134C1 /* AppDelegate.m */ = {isa = PBXFileReference; lastKnownFileType = sourcecode.c.objc; path = AppDelegate.m; sourceTree = "<group>"; };
		C40F894119E3EFA9004134C1 /* ViewController.h */ = {isa = PBXFileReference; lastKnownFileType = sourcecode.c.h; path = ViewController.h; sourceTree = "<group>"; };
		C40F894219E3EFA9004134C1 /* ViewController.m */ = {isa = PBXFileReference; lastKnownFileType = sourcecode.c.objc; path = ViewController.m; sourceTree = "<group>"; };
		C40F894519E3EFA9004134C1 /* Base */ = {isa = PBXFileReference; lastKnownFileType = file.storyboard; name = Base; path = Base.lproj/Main.storyboard; sourceTree = "<group>"; };
		C40F894719E3EFA9004134C1 /* Images.xcassets */ = {isa = PBXFileReference; lastKnownFileType = folder.assetcatalog; path = Images.xcassets; sourceTree = "<group>"; };
		C40F894A19E3EFA9004134C1 /* Base */ = {isa = PBXFileReference; lastKnownFileType = file.xib; name = Base; path = Base.lproj/LaunchScreen.xib; sourceTree = "<group>"; };
		C40F895019E3EFA9004134C1 /* myFirstAppTests.xctest */ = {isa = PBXFileReference; explicitFileType = wrapper.cfbundle; includeInIndex = 0; path = myFirstAppTests.xctest; sourceTree = BUILT_PRODUCTS_DIR; };
		C40F895519E3EFA9004134C1 /* Info.plist */ = {isa = PBXFileReference; lastKnownFileType = text.plist.xml; path = Info.plist; sourceTree = "<group>"; };
		C40F895619E3EFA9004134C1 /* myFirstAppTests.m */ = {isa = PBXFileReference; lastKnownFileType = sourcecode.c.objc; path = myFirstAppTests.m; sourceTree = "<group>"; };
/* End PBXFileReference section */

/* Begin PBXFrameworksBuildPhase section */
		C40F893419E3EFA9004134C1 /* Frameworks */ = {
			isa = PBXFrameworksBuildPhase;
			buildActionMask = 2147483647;
			files = (
			);
			runOnlyForDeploymentPostprocessing = 0;
		};
		C40F894D19E3EFA9004134C1 /* Frameworks */ = {
			isa = PBXFrameworksBuildPhase;
			buildActionMask = 2147483647;
			files = (
			);
			runOnlyForDeploymentPostprocessing = 0;
		};
/* End PBXFrameworksBuildPhase section */

/* Begin PBXGroup section */
		C40F892E19E3EFA9004134C1 = {
			isa = PBXGroup;
			children = (
				C40F893919E3EFA9004134C1 /* myFirstApp */,
				C40F895319E3EFA9004134C1 /* myFirstAppTests */,
				C40F893819E3EFA9004134C1 /* Products */,
			);
			sourceTree = "<group>";
		};
		C40F893819E3EFA9004134C1 /* Products */ = {
			isa = PBXGroup;
			children = (
				C40F893719E3EFA9004134C1 /* myFirstApp.app */,
				C40F895019E3EFA9004134C1 /* myFirstAppTests.xctest */,
			);
			name = Products;
			sourceTree = "<group>";
		};
		C40F893919E3EFA9004134C1 /* myFirstApp */ = {
			isa = PBXGroup;
			children = (
				C40F893E19E3EFA9004134C1 /* AppDelegate.h */,
				C40F893F19E3EFA9004134C1 /* AppDelegate.m */,
				C40F894119E3EFA9004134C1 /* ViewController.h */,
				C40F894219E3EFA9004134C1 /* ViewController.m */,
				C40F894419E3EFA9004134C1 /* Main.storyboard */,
				C40F894719E3EFA9004134C1 /* Images.xcassets */,
				C40F894919E3EFA9004134C1 /* LaunchScreen.xib */,
				C40F893A19E3EFA9004134C1 /* Supporting Files */,
			);
			path = myFirstApp;
			sourceTree = "<group>";
		};
		C40F893A19E3EFA9004134C1 /* Supporting Files */ = {
			isa = PBXGroup;
			children = (
				C40F893B19E3EFA9004134C1 /* Info.plist */,
				C40F893C19E3EFA9004134C1 /* main.m */,
			);
			name = "Supporting Files";
			sourceTree = "<group>";
		};
		C40F895319E3EFA9004134C1 /* myFirstAppTests */ = {
			isa = PBXGroup;
			children = (
				C40F895619E3EFA9004134C1 /* myFirstAppTests.m */,
				C40F895419E3EFA9004134C1 /* Supporting Files */,
			);
			path = myFirstAppTests;
			sourceTree = "<group>";
		};
		C40F895419E3EFA9004134C1 /* Supporting Files */ = {
			isa = PBXGroup;
			children = (
				C40F895519E3EFA9004134C1 /* Info.plist */,
			);
			name = "Supporting Files";
			sourceTree = "<group>";
		};
/* End PBXGroup section */

/* Begin PBXNativeTarget section */
		C40F893619E3EFA9004134C1 /* myFirstApp */ = {
			isa = PBXNativeTarget;
			buildConfigurationList = C40F895A19E3EFA9004134C1 /* Build configuration list for PBXNativeTarget "myFirstApp" */;
			buildPhases = (
				C40F893319E3EFA9004134C1 /* Sources */,
				C40F893419E3EFA9004134C1 /* Frameworks */,
				C40F893519E3EFA9004134C1 /* Resources */,
			);
			buildRules = (
			);
			dependencies = (
			);
			name = myFirstApp;
			productName = myFirstApp;
			productReference = C40F893719E3EFA9004134C1 /* myFirstApp.app */;
			productType = "com.apple.product-type.application";
		};
		C40F894F19E3EFA9004134C1 /* myFirstAppTests */ = {
			isa = PBXNativeTarget;
			buildConfigurationList = C40F895D19E3EFA9004134C1 /* Build configuration list for PBXNativeTarget "myFirstAppTests" */;
			buildPhases = (
				C40F894C19E3EFA9004134C1 /* Sources */,
				C40F894D19E3EFA9004134C1 /* Frameworks */,
				C40F894E19E3EFA9004134C1 /* Resources */,
			);
			buildRules = (
			);
			dependencies = (
				C40F895219E3EFA9004134C1 /* PBXTargetDependency */,
			);
			name = myFirstAppTests;
			productName = myFirstAppTests;
			productReference = C40F895019E3EFA9004134C1 /* myFirstAppTests.xctest */;
			productType = "com.apple.product-type.bundle.unit-test";
		};
/* End PBXNativeTarget section */

/* Begin PBXProject section */
		C40F892F19E3EFA9004134C1 /* Project object */ = {
			isa = PBXProject;
			attributes = {
				LastUpgradeCheck = 0600;
				ORGANIZATIONNAME = darbean;
				TargetAttributes = {
					C40F893619E3EFA9004134C1 = {
						CreatedOnToolsVersion = 6.0.1;
					};
					C40F894F19E3EFA9004134C1 = {
						CreatedOnToolsVersion = 6.0.1;
						TestTargetID = C40F893619E3EFA9004134C1;
					};
				};
			};
			buildConfigurationList = C40F893219E3EFA9004134C1 /* Build configuration list for PBXProject "myFirstApp" */;
			compatibilityVersion = "Xcode 3.2";
			developmentRegion = English;
			hasScannedForEncodings = 0;
			knownRegions = (
				en,
				Base,
			);
			mainGroup = C40F892E19E3EFA9004134C1;
			productRefGroup = C40F893819E3EFA9004134C1 /* Products */;
			projectDirPath = "";
			projectRoot = "";
			targets = (
				C40F893619E3EFA9004134C1 /* myFirstApp */,
				C40F894F19E3EFA9004134C1 /* myFirstAppTests */,
			);
		};
/* End PBXProject section */

/* Begin PBXResourcesBuildPhase section */
		C40F893519E3EFA9004134C1 /* Resources */ = {
			isa = PBXResourcesBuildPhase;
			buildActionMask = 2147483647;
			files = (
				C40F894619E3EFA9004134C1 /* Main.storyboard in Resources */,
				C40F894B19E3EFA9004134C1 /* LaunchScreen.xib in Resources */,
				C40F894819E3EFA9004134C1 /* Images.xcassets in Resources */,
			);
			runOnlyForDeploymentPostprocessing = 0;
		};
		C40F894E19E3EFA9004134C1 /* Resources */ = {
			isa = PBXResourcesBuildPhase;
			buildActionMask = 2147483647;
			files = (
			);
			runOnlyForDeploymentPostprocessing = 0;
		};
/* End PBXResourcesBuildPhase section */

/* Begin PBXSourcesBuildPhase section */
		C40F893319E3EFA9004134C1 /* Sources */ = {
			isa = PBXSourcesBuildPhase;
			buildActionMask = 2147483647;
			files = (
				C40F894319E3EFA9004134C1 /* ViewController.m in Sources */,
				C40F894019E3EFA9004134C1 /* AppDelegate.m in Sources */,
				C40F893D19E3EFA9004134C1 /* main.m in Sources */,
			);
			runOnlyForDeploymentPostprocessing = 0;
		};
		C40F894C19E3EFA9004134C1 /* Sources */ = {
			isa = PBXSourcesBuildPhase;
			buildActionMask = 2147483647;
			files = (
				C40F895719E3EFA9004134C1 /* myFirstAppTests.m in Sources */,
			);
			runOnlyForDeploymentPostprocessing = 0;
		};
/* End PBXSourcesBuildPhase section */

/* Begin PBXTargetDependency section */
		C40F895219E3EFA9004134C1 /* PBXTargetDependency */ = {
			isa = PBXTargetDependency;
			target = C40F893619E3EFA9004134C1 /* myFirstApp */;
			targetProxy = C40F895119E3EFA9004134C1 /* PBXContainerItemProxy */;
		};
/* End PBXTargetDependency section */

/* Begin PBXVariantGroup section */
		C40F894419E3EFA9004134C1 /* Main.storyboard */ = {
			isa = PBXVariantGroup;
			children = (
				C40F894519E3EFA9004134C1 /* Base */,
			);
			name = Main.storyboard;
			sourceTree = "<group>";
		};
		C40F894919E3EFA9004134C1 /* LaunchScreen.xib */ = {
			isa = PBXVariantGroup;
			children = (
				C40F894A19E3EFA9004134C1 /* Base */,
			);
			name = LaunchScreen.xib;
			sourceTree = "<group>";
		};
/* End PBXVariantGroup section */

/* Begin XCBuildConfiguration section */
		C40F895819E3EFA9004134C1 /* Debug */ = {
			isa = XCBuildConfiguration;
			buildSettings = {
				ALWAYS_SEARCH_USER_PATHS = NO;
				CLANG_CXX_LANGUAGE_STANDARD = "gnu++0x";
				CLANG_CXX_LIBRARY = "libc++";
				CLANG_ENABLE_MODULES = YES;
				CLANG_ENABLE_OBJC_ARC = YES;
				CLANG_WARN_BOOL_CONVERSION = YES;
				CLANG_WARN_CONSTANT_CONVERSION = YES;
				CLANG_WARN_DIRECT_OBJC_ISA_USAGE = YES_ERROR;
				CLANG_WARN_EMPTY_BODY = YES;
				CLANG_WARN_ENUM_CONVERSION = YES;
				CLANG_WARN_INT_CONVERSION = YES;
				CLANG_WARN_OBJC_ROOT_CLASS = YES_ERROR;
				CLANG_WARN_UNREACHABLE_CODE = YES;
				CLANG_WARN__DUPLICATE_METHOD_MATCH = YES;
				"CODE_SIGN_IDENTITY[sdk=iphoneos*]" = "iPhone Developer";
				COPY_PHASE_STRIP = NO;
				ENABLE_STRICT_OBJC_MSGSEND = YES;
				GCC_C_LANGUAGE_STANDARD = gnu99;
				GCC_DYNAMIC_NO_PIC = NO;
				GCC_OPTIMIZATION_LEVEL = 0;
				GCC_PREPROCESSOR_DEFINITIONS = (
					"DEBUG=1",
					"$(inherited)",
				);
				GCC_SYMBOLS_PRIVATE_EXTERN = NO;
				GCC_WARN_64_TO_32_BIT_CONVERSION = YES;
				GCC_WARN_ABOUT_RETURN_TYPE = YES_ERROR;
				GCC_WARN_UNDECLARED_SELECTOR = YES;
				GCC_WARN_UNINITIALIZED_AUTOS = YES_AGGRESSIVE;
				GCC_WARN_UNUSED_FUNCTION = YES;
				GCC_WARN_UNUSED_VARIABLE = YES;
				IPHONEOS_DEPLOYMENT_TARGET = 8.0;
				MTL_ENABLE_DEBUG_INFO = YES;
				ONLY_ACTIVE_ARCH = YES;
				SDKROOT = iphoneos;
				TARGETED_DEVICE_FAMILY = "1,2";
			};
			name = Debug;
		};
		C40F895919E3EFA9004134C1 /* Release */ = {
			isa = XCBuildConfiguration;
			buildSettings = {
				ALWAYS_SEARCH_USER_PATHS = NO;
				CLANG_CXX_LANGUAGE_STANDARD = "gnu++0x";
				CLANG_CXX_LIBRARY = "libc++";
				CLANG_ENABLE_MODULES = YES;
				CLANG_ENABLE_OBJC_ARC = YES;
				CLANG_WARN_BOOL_CONVERSION = YES;
				CLANG_WARN_CONSTANT_CONVERSION = YES;
				CLANG_WARN_DIRECT_OBJC_ISA_USAGE = YES_ERROR;
				CLANG_WARN_EMPTY_BODY = YES;
				CLANG_WARN_ENUM_CONVERSION = YES;
				CLANG_WARN_INT_CONVERSION = YES;
				CLANG_WARN_OBJC_ROOT_CLASS = YES_ERROR;
				CLANG_WARN_UNREACHABLE_CODE = YES;
				CLANG_WARN__DUPLICATE_METHOD_MATCH = YES;
				"CODE_SIGN_IDENTITY[sdk=iphoneos*]" = "iPhone Developer";
				COPY_PHASE_STRIP = YES;
				ENABLE_NS_ASSERTIONS = NO;
				ENABLE_STRICT_OBJC_MSGSEND = YES;
				GCC_C_LANGUAGE_STANDARD = gnu99;
				GCC_WARN_64_TO_32_BIT_CONVERSION = YES;
				GCC_WARN_ABOUT_RETURN_TYPE = YES_ERROR;
				GCC_WARN_UNDECLARED_SELECTOR = YES;
				GCC_WARN_UNINITIALIZED_AUTOS = YES_AGGRESSIVE;
				GCC_WARN_UNUSED_FUNCTION = YES;
				GCC_WARN_UNUSED_VARIABLE = YES;
				IPHONEOS_DEPLOYMENT_TARGET = 8.0;
				MTL_ENABLE_DEBUG_INFO = NO;
				SDKROOT = iphoneos;
				TARGETED_DEVICE_FAMILY = "1,2";
				VALIDATE_PRODUCT = YES;
			};
			name = Release;
		};
		C40F895B19E3EFA9004134C1 /* Debug */ = {
			isa = XCBuildConfiguration;
			buildSettings = {
				ASSETCATALOG_COMPILER_APPICON_NAME = AppIcon;
				INFOPLIST_FILE = myFirstApp/Info.plist;
				LD_RUNPATH_SEARCH_PATHS = "$(inherited) @executable_path/Frameworks";
				PRODUCT_NAME = "$(TARGET_NAME)";
			};
			name = Debug;
		};
		C40F895C19E3EFA9004134C1 /* Release */ = {
			isa = XCBuildConfiguration;
			buildSettings = {
				ASSETCATALOG_COMPILER_APPICON_NAME = AppIcon;
				INFOPLIST_FILE = myFirstApp/Info.plist;
				LD_RUNPATH_SEARCH_PATHS = "$(inherited) @executable_path/Frameworks";
				PRODUCT_NAME = "$(TARGET_NAME)";
			};
			name = Release;
		};
		C40F895E19E3EFA9004134C1 /* Debug */ = {
			isa = XCBuildConfiguration;
			buildSettings = {
				BUNDLE_LOADER = "$(TEST_HOST)";
				FRAMEWORK_SEARCH_PATHS = (
					"$(SDKROOT)/Developer/Library/Frameworks",
					"$(inherited)",
				);
				GCC_PREPROCESSOR_DEFINITIONS = (
					"DEBUG=1",
					"$(inherited)",
				);
				INFOPLIST_FILE = myFirstAppTests/Info.plist;
				LD_RUNPATH_SEARCH_PATHS = "$(inherited) @executable_path/Frameworks @loader_path/Frameworks";
				PRODUCT_NAME = "$(TARGET_NAME)";
				TEST_HOST = "$(BUILT_PRODUCTS_DIR)/myFirstApp.app/myFirstApp";
			};
			name = Debug;
		};
		C40F895F19E3EFA9004134C1 /* Release */ = {
			isa = XCBuildConfiguration;
			buildSettings = {
				BUNDLE_LOADER = "$(TEST_HOST)";
				FRAMEWORK_SEARCH_PATHS = (
					"$(SDKROOT)/Developer/Library/Frameworks",
					"$(inherited)",
				);
				INFOPLIST_FILE = myFirstAppTests/Info.plist;
				LD_RUNPATH_SEARCH_PATHS = "$(inherited) @executable_path/Frameworks @loader_path/Frameworks";
				PRODUCT_NAME = "$(TARGET_NAME)";
				TEST_HOST = "$(BUILT_PRODUCTS_DIR)/myFirstApp.app/myFirstApp";
			};
			name = Release;
		};
/* End XCBuildConfiguration section */

/* Begin XCConfigurationList section */
		C40F893219E3EFA9004134C1 /* Build configuration list for PBXProject "myFirstApp" */ = {
			isa = XCConfigurationList;
			buildConfigurations = (
				C40F895819E3EFA9004134C1 /* Debug */,
				C40F895919E3EFA9004134C1 /* Release */,
			);
			defaultConfigurationIsVisible = 0;
			defaultConfigurationName = Release;
		};
		C40F895A19E3EFA9004134C1 /* Build configuration list for PBXNativeTarget "myFirstApp" */ = {
			isa = XCConfigurationList;
			buildConfigurations = (
				C40F895B19E3EFA9004134C1 /* Debug */,
				C40F895C19E3EFA9004134C1 /* Release */,
			);
			defaultConfigurationIsVisible = 0;
		};
		C40F895D19E3EFA9004134C1 /* Build configuration list for PBXNativeTarget "myFirstAppTests" */ = {
			isa = XCConfigurationList;
			buildConfigurations = (
				C40F895E19E3EFA9004134C1 /* Debug */,
				C40F895F19E3EFA9004134C1 /* Release */,
			);
			defaultConfigurationIsVisible = 0;
		};
/* End XCConfigurationList section */
	};
	rootObject = C40F892F19E3EFA9004134C1 /* Project object */;
}
